
Microsoft Visual Studio Solution File, Format Version 12.00
# Visual Studio Version 17
VisualStudioVersion = 17.0.31903.59
MinimumVisualStudioVersion = 10.0.40219.1
Project("{2150E333-8FDC-42A3-9474-1A3956D46DE8}") = "DotNet", "DotNet", "{06BF5B3A-D891-4C78-9FEB-800CAB7BCEA7}"
EndProject
Project("{FAE04EC0-301F-11D3-BF4B-00C04F79EFBC}") = "HelloMicrosoft", "DotNet\HelloMicrosoft\HelloMicrosoft.csproj", "{FA024C0A-6F65-4FAF-8A49-1179AF8E18C8}"
EndProject
Global
	GlobalSection(SolutionConfigurationPlatforms) = preSolution
		Debug|Any CPU = Debug|Any CPU
		Release|Any CPU = Release|Any CPU
	EndGlobalSection
	GlobalSection(SolutionProperties) = preSolution
		HideSolutionNode = FALSE
	EndGlobalSection
	GlobalSection(ProjectConfigurationPlatforms) = postSolution
		{FA024C0A-6F65-4FAF-8A49-1179AF8E18C8}.Debug|Any CPU.ActiveCfg = Debug|Any CPU
		{FA024C0A-6F65-4FAF-8A49-1179AF8E18C8}.Debug|Any CPU.Build.0 = Debug|Any CPU
		{FA024C0A-6F65-4FAF-8A49-1179AF8E18C8}.Release|Any CPU.ActiveCfg = Release|Any CPU
		{FA024C0A-6F65-4FAF-8A49-1179AF8E18C8}.Release|Any CPU.Build.0 = Release|Any CPU
	EndGlobalSection
	GlobalSection(NestedProjects) = preSolution
		{FA024C0A-6F65-4FAF-8A49-1179AF8E18C8} = {06BF5B3A-D891-4C78-9FEB-800CAB7BCEA7}
	EndGlobalSection
EndGlobal
